{
  "pins" : [
    {
      "identity" : "ditto",
      "kind" : "remoteSourceControl",
      "location" : "https://github.com/yanun0323/Ditto",
      "state" : {
        "branch" : "master",
        "revision" : "1d2b5a889061ffdc9e9fb1f3cd51aaf0ff48d76c"
      }
    },
    {
      "identity" : "sqlite.swift",
      "kind" : "remoteSourceControl",
      "location" : "https://github.com/stephencelis/SQLite.swift.git",
      "state" : {
        "revision" : "7a2e3cd27de56f6d396e84f63beefd0267b55ccb",
        "version" : "0.14.1"
      }
    },
    {
      "identity" : "swift-collections",
      "kind" : "remoteSourceControl",
      "location" : "https://github.com/apple/swift-collections.git",
      "state" : {
        "revision" : "f504716c27d2e5d4144fa4794b12129301d17729",
        "version" : "1.0.3"
      }
    },
    {
      "identity" : "sworm",
      "kind" : "remoteSourceControl",
      "location" : "https://github.com/yanun0323/Sworm",
      "state" : {
        "revision" : "f85aa46e4f824248145ecf17833fcb6443150459",
        "version" : "0.1.4"
      }
    }
  ],
  "version" : 2
}
