// !$*UTF8*$!
{
	archiveVersion = 1;
	classes = {
	};
	objectVersion = 56;
	objects = {

/* Begin PBXBuildFile section */
		A8357FDA29293F010086720F /* HomeView.swift in Sources */ = {isa = PBXBuildFile; fileRef = A8357FD929293F010086720F /* HomeView.swift */; };
		A8357FDD292952230086720F /* OrderedCollections in Frameworks */ = {isa = PBXBuildFile; productRef = A8357FDC292952230086720F /* OrderedCollections */; };
		A839C78A29BAF3AA0036C096 /* StatisticView.swift in Sources */ = {isa = PBXBuildFile; fileRef = A839C78929BAF3AA0036C096 /* StatisticView.swift */; };
		A848A6BC29BD9B7700E85A8E /* RouterView.swift in Sources */ = {isa = PBXBuildFile; fileRef = A848A6BB29BD9B7700E85A8E /* RouterView.swift */; };
		A848A6BE29BD9DE900E85A8E /* ActionView.swift in Sources */ = {isa = PBXBuildFile; fileRef = A848A6BD29BD9DE900E85A8E /* ActionView.swift */; };
		A87219ED2967F60700D52995 /* AddRecordButton.swift in Sources */ = {isa = PBXBuildFile; fileRef = A87219EC2967F60700D52995 /* AddRecordButton.swift */; };
		A87219EF2968131F00D52995 /* SettingView.swift in Sources */ = {isa = PBXBuildFile; fileRef = A87219EE2968131F00D52995 /* SettingView.swift */; };
		A87219F12968144400D52995 /* UserSettingInteractor.swift in Sources */ = {isa = PBXBuildFile; fileRef = A87219F02968144400D52995 /* UserSettingInteractor.swift */; };
		A87219F32968149C00D52995 /* UserSettingDao.swift in Sources */ = {isa = PBXBuildFile; fileRef = A87219F22968149C00D52995 /* UserSettingDao.swift */; };
		A87219F5296830E600D52995 /* ViewHeader.swift in Sources */ = {isa = PBXBuildFile; fileRef = A87219F4296830E600D52995 /* ViewHeader.swift */; };
		A87219F7296D67C200D52995 /* BudgetCategory.swift in Sources */ = {isa = PBXBuildFile; fileRef = A87219F6296D67C200D52995 /* BudgetCategory.swift */; };
		A890D0F52942E03100D7267B /* SystemInteractor.swift in Sources */ = {isa = PBXBuildFile; fileRef = A890D0F42942E03100D7267B /* SystemInteractor.swift */; };
		A8A75AE9291CCCBC00EF9D8A /* EinanceApp.swift in Sources */ = {isa = PBXBuildFile; fileRef = A8A75AE8291CCCBC00EF9D8A /* EinanceApp.swift */; };
		A8A75AEB291CCCBC00EF9D8A /* ContentView.swift in Sources */ = {isa = PBXBuildFile; fileRef = A8A75AEA291CCCBC00EF9D8A /* ContentView.swift */; };
		A8A75AED291CCCBD00EF9D8A /* Assets.xcassets in Resources */ = {isa = PBXBuildFile; fileRef = A8A75AEC291CCCBD00EF9D8A /* Assets.xcassets */; };
		A8A75AF0291CCCBD00EF9D8A /* Preview Assets.xcassets in Resources */ = {isa = PBXBuildFile; fileRef = A8A75AEF291CCCBD00EF9D8A /* Preview Assets.xcassets */; };
		A8A75AFB291CCDFA00EF9D8A /* UIComponent in Frameworks */ = {isa = PBXBuildFile; productRef = A8A75AFA291CCDFA00EF9D8A /* UIComponent */; };
		A8A75B03291CCE4300EF9D8A /* DependencyInjector.swift in Sources */ = {isa = PBXBuildFile; fileRef = A8A75B02291CCE4300EF9D8A /* DependencyInjector.swift */; };
		A8A75B05291CCE7E00EF9D8A /* AppState.swift in Sources */ = {isa = PBXBuildFile; fileRef = A8A75B04291CCE7E00EF9D8A /* AppState.swift */; };
		A8A75B09291CD1D800EF9D8A /* Repository.swift in Sources */ = {isa = PBXBuildFile; fileRef = A8A75B08291CD1D800EF9D8A /* Repository.swift */; };
		A8A75B0B291CD1E700EF9D8A /* Dao.swift in Sources */ = {isa = PBXBuildFile; fileRef = A8A75B0A291CD1E700EF9D8A /* Dao.swift */; };
		A8A75B0D291CF07100EF9D8A /* Budget.swift in Sources */ = {isa = PBXBuildFile; fileRef = A8A75B0C291CF07100EF9D8A /* Budget.swift */; };
		A8A75B0F291CF24A00EF9D8A /* Card.swift in Sources */ = {isa = PBXBuildFile; fileRef = A8A75B0E291CF24A00EF9D8A /* Card.swift */; };
		A8A75B11291CF25000EF9D8A /* Record.swift in Sources */ = {isa = PBXBuildFile; fileRef = A8A75B10291CF25000EF9D8A /* Record.swift */; };
		A8B09022291CFF2B008D9B33 /* Mock.swift in Sources */ = {isa = PBXBuildFile; fileRef = A8B09021291CFF2B008D9B33 /* Mock.swift */; };
		A8B09029291D6A01008D9B33 /* CardRect.swift in Sources */ = {isa = PBXBuildFile; fileRef = A8B09028291D6A01008D9B33 /* CardRect.swift */; };
		A8B0902E291D6BFF008D9B33 /* Localizable.strings in Resources */ = {isa = PBXBuildFile; fileRef = A8B09030291D6BFF008D9B33 /* Localizable.strings */; };
		A8B09033291D73F3008D9B33 /* BudgetPage.swift in Sources */ = {isa = PBXBuildFile; fileRef = A8B09032291D73F3008D9B33 /* BudgetPage.swift */; };
		A8BDCC2D29B6431D0021309B /* LoadingSymbol.swift in Sources */ = {isa = PBXBuildFile; fileRef = A8BDCC2C29B6431D0021309B /* LoadingSymbol.swift */; };
		A8BDCC2F29B7167B0021309B /* BookOrderView.swift in Sources */ = {isa = PBXBuildFile; fileRef = A8BDCC2E29B7167B0021309B /* BookOrderView.swift */; };
		A8C0A101291D88B800AD5E97 /* DataDao.swift in Sources */ = {isa = PBXBuildFile; fileRef = A8C0A100291D88B800AD5E97 /* DataDao.swift */; };
		A8C0A103291D892700AD5E97 /* DataInteractor.swift in Sources */ = {isa = PBXBuildFile; fileRef = A8C0A102291D892700AD5E97 /* DataInteractor.swift */; };
		A8E52C68295B063F00AC80B0 /* ActionPanelCloseButton.swift in Sources */ = {isa = PBXBuildFile; fileRef = A8E52C67295B063F00AC80B0 /* ActionPanelCloseButton.swift */; };
		A8E52C6A295B342E00AC80B0 /* CreateRecordPanel.swift in Sources */ = {isa = PBXBuildFile; fileRef = A8E52C69295B342E00AC80B0 /* CreateRecordPanel.swift */; };
		A8E52C6C295BE62E00AC80B0 /* ActionPanelConfirmButton.swift in Sources */ = {isa = PBXBuildFile; fileRef = A8E52C6B295BE62E00AC80B0 /* ActionPanelConfirmButton.swift */; };
		A8E52C6E295BE91600AC80B0 /* DatePickerCustom.swift in Sources */ = {isa = PBXBuildFile; fileRef = A8E52C6D295BE91600AC80B0 /* DatePickerCustom.swift */; };
		A8E52C74296477B400AC80B0 /* EditCardPanel.swift in Sources */ = {isa = PBXBuildFile; fileRef = A8E52C73296477B400AC80B0 /* EditCardPanel.swift */; };
		A8E52C76296477C200AC80B0 /* EditRecordPanel.swift in Sources */ = {isa = PBXBuildFile; fileRef = A8E52C75296477C200AC80B0 /* EditRecordPanel.swift */; };
		A8F43BFC2951600400C89EDE /* CreateCardPanel.swift in Sources */ = {isa = PBXBuildFile; fileRef = A8F43BFB2951600400C89EDE /* CreateCardPanel.swift */; };
		A8F43BFF2951C52E00C89EDE /* Setting.swift in Sources */ = {isa = PBXBuildFile; fileRef = A8F43BFE2951C52E00C89EDE /* Setting.swift */; };
		A8F43C01295208DC00C89EDE /* FocusField.swift in Sources */ = {isa = PBXBuildFile; fileRef = A8F43C00295208DB00C89EDE /* FocusField.swift */; };
		A8FF946A29222BFE00C628BD /* RecordRow.swift in Sources */ = {isa = PBXBuildFile; fileRef = A8FF946929222BFE00C628BD /* RecordRow.swift */; };
		A8FF946E2922B74F00C628BD /* Extension.swift in Sources */ = {isa = PBXBuildFile; fileRef = A8FF946D2922B74F00C628BD /* Extension.swift */; };
		A8FF94702922BCFB00C628BD /* Dashboard.swift in Sources */ = {isa = PBXBuildFile; fileRef = A8FF946F2922BCFB00C628BD /* Dashboard.swift */; };
		F62C884D2928C2960059F914 /* HomeHeader.swift in Sources */ = {isa = PBXBuildFile; fileRef = F62C884C2928C2960059F914 /* HomeHeader.swift */; };
		F691B86A29AE02DF00E05E05 /* SQLite in Frameworks */ = {isa = PBXBuildFile; productRef = F691B86929AE02DF00E05E05 /* SQLite */; };
		F691B86C29AE043700E05E05 /* Sql.swift in Sources */ = {isa = PBXBuildFile; fileRef = F691B86B29AE043700E05E05 /* Sql.swift */; };
		F691B87029AE233F00E05E05 /* Helper.swift in Sources */ = {isa = PBXBuildFile; fileRef = F691B86F29AE233F00E05E05 /* Helper.swift */; };
		F6EA06A029AFEDC2005D08D7 /* DebugView.swift in Sources */ = {isa = PBXBuildFile; fileRef = F6EA069F29AFEDC2005D08D7 /* DebugView.swift */; };
		F6EA06A329B200F5005D08D7 /* WelcomeView.swift in Sources */ = {isa = PBXBuildFile; fileRef = F6EA06A229B200F5005D08D7 /* WelcomeView.swift */; };
		F6EA06A929B2276E005D08D7 /* Table.swift in Sources */ = {isa = PBXBuildFile; fileRef = F6EA06A829B2276E005D08D7 /* Table.swift */; };
/* End PBXBuildFile section */

/* Begin PBXFileReference section */
		A8357FD929293F010086720F /* HomeView.swift */ = {isa = PBXFileReference; lastKnownFileType = sourcecode.swift; path = HomeView.swift; sourceTree = "<group>"; };
		A839C78929BAF3AA0036C096 /* StatisticView.swift */ = {isa = PBXFileReference; lastKnownFileType = sourcecode.swift; path = StatisticView.swift; sourceTree = "<group>"; };
		A848A6BB29BD9B7700E85A8E /* RouterView.swift */ = {isa = PBXFileReference; lastKnownFileType = sourcecode.swift; path = RouterView.swift; sourceTree = "<group>"; };
		A848A6BD29BD9DE900E85A8E /* ActionView.swift */ = {isa = PBXFileReference; lastKnownFileType = sourcecode.swift; path = ActionView.swift; sourceTree = "<group>"; };
		A87219EC2967F60700D52995 /* AddRecordButton.swift */ = {isa = PBXFileReference; lastKnownFileType = sourcecode.swift; path = AddRecordButton.swift; sourceTree = "<group>"; };
		A87219EE2968131F00D52995 /* SettingView.swift */ = {isa = PBXFileReference; lastKnownFileType = sourcecode.swift; path = SettingView.swift; sourceTree = "<group>"; };
		A87219F02968144400D52995 /* UserSettingInteractor.swift */ = {isa = PBXFileReference; lastKnownFileType = sourcecode.swift; path = UserSettingInteractor.swift; sourceTree = "<group>"; };
		A87219F22968149C00D52995 /* UserSettingDao.swift */ = {isa = PBXFileReference; lastKnownFileType = sourcecode.swift; path = UserSettingDao.swift; sourceTree = "<group>"; };
		A87219F4296830E600D52995 /* ViewHeader.swift */ = {isa = PBXFileReference; lastKnownFileType = sourcecode.swift; path = ViewHeader.swift; sourceTree = "<group>"; };
		A87219F6296D67C200D52995 /* BudgetCategory.swift */ = {isa = PBXFileReference; lastKnownFileType = sourcecode.swift; path = BudgetCategory.swift; sourceTree = "<group>"; };
		A890D0F42942E03100D7267B /* SystemInteractor.swift */ = {isa = PBXFileReference; lastKnownFileType = sourcecode.swift; path = SystemInteractor.swift; sourceTree = "<group>"; };
		A8A75AE5291CCCBC00EF9D8A /* Einance.app */ = {isa = PBXFileReference; explicitFileType = wrapper.application; includeInIndex = 0; path = Einance.app; sourceTree = BUILT_PRODUCTS_DIR; };
		A8A75AE8291CCCBC00EF9D8A /* EinanceApp.swift */ = {isa = PBXFileReference; lastKnownFileType = sourcecode.swift; path = EinanceApp.swift; sourceTree = "<group>"; };
		A8A75AEA291CCCBC00EF9D8A /* ContentView.swift */ = {isa = PBXFileReference; lastKnownFileType = sourcecode.swift; path = ContentView.swift; sourceTree = "<group>"; };
		A8A75AEC291CCCBD00EF9D8A /* Assets.xcassets */ = {isa = PBXFileReference; lastKnownFileType = folder.assetcatalog; path = Assets.xcassets; sourceTree = "<group>"; };
		A8A75AEF291CCCBD00EF9D8A /* Preview Assets.xcassets */ = {isa = PBXFileReference; lastKnownFileType = folder.assetcatalog; path = "Preview Assets.xcassets"; sourceTree = "<group>"; };
		A8A75B02291CCE4300EF9D8A /* DependencyInjector.swift */ = {isa = PBXFileReference; lastKnownFileType = sourcecode.swift; path = DependencyInjector.swift; sourceTree = "<group>"; };
		A8A75B04291CCE7E00EF9D8A /* AppState.swift */ = {isa = PBXFileReference; lastKnownFileType = sourcecode.swift; path = AppState.swift; sourceTree = "<group>"; };
		A8A75B08291CD1D800EF9D8A /* Repository.swift */ = {isa = PBXFileReference; lastKnownFileType = sourcecode.swift; path = Repository.swift; sourceTree = "<group>"; };
		A8A75B0A291CD1E700EF9D8A /* Dao.swift */ = {isa = PBXFileReference; lastKnownFileType = sourcecode.swift; path = Dao.swift; sourceTree = "<group>"; };
		A8A75B0C291CF07100EF9D8A /* Budget.swift */ = {isa = PBXFileReference; lastKnownFileType = sourcecode.swift; path = Budget.swift; sourceTree = "<group>"; };
		A8A75B0E291CF24A00EF9D8A /* Card.swift */ = {isa = PBXFileReference; lastKnownFileType = sourcecode.swift; path = Card.swift; sourceTree = "<group>"; };
		A8A75B10291CF25000EF9D8A /* Record.swift */ = {isa = PBXFileReference; lastKnownFileType = sourcecode.swift; path = Record.swift; sourceTree = "<group>"; };
		A8B09021291CFF2B008D9B33 /* Mock.swift */ = {isa = PBXFileReference; lastKnownFileType = sourcecode.swift; path = Mock.swift; sourceTree = "<group>"; };
		A8B09028291D6A01008D9B33 /* CardRect.swift */ = {isa = PBXFileReference; lastKnownFileType = sourcecode.swift; path = CardRect.swift; sourceTree = "<group>"; };
		A8B0902F291D6BFF008D9B33 /* en */ = {isa = PBXFileReference; lastKnownFileType = text.plist.strings; name = en; path = en.lproj/Localizable.strings; sourceTree = "<group>"; };
		A8B09031291D6C19008D9B33 /* zh-Hant */ = {isa = PBXFileReference; lastKnownFileType = text.plist.strings; name = "zh-Hant"; path = "zh-Hant.lproj/Localizable.strings"; sourceTree = "<group>"; };
		A8B09032291D73F3008D9B33 /* BudgetPage.swift */ = {isa = PBXFileReference; lastKnownFileType = sourcecode.swift; path = BudgetPage.swift; sourceTree = "<group>"; };
		A8BDCC2C29B6431D0021309B /* LoadingSymbol.swift */ = {isa = PBXFileReference; lastKnownFileType = sourcecode.swift; path = LoadingSymbol.swift; sourceTree = "<group>"; };
		A8BDCC2E29B7167B0021309B /* BookOrderView.swift */ = {isa = PBXFileReference; lastKnownFileType = sourcecode.swift; path = BookOrderView.swift; sourceTree = "<group>"; };
		A8C0A100291D88B800AD5E97 /* DataDao.swift */ = {isa = PBXFileReference; lastKnownFileType = sourcecode.swift; path = DataDao.swift; sourceTree = "<group>"; };
		A8C0A102291D892700AD5E97 /* DataInteractor.swift */ = {isa = PBXFileReference; lastKnownFileType = sourcecode.swift; path = DataInteractor.swift; sourceTree = "<group>"; };
		A8E52C67295B063F00AC80B0 /* ActionPanelCloseButton.swift */ = {isa = PBXFileReference; lastKnownFileType = sourcecode.swift; path = ActionPanelCloseButton.swift; sourceTree = "<group>"; };
		A8E52C69295B342E00AC80B0 /* CreateRecordPanel.swift */ = {isa = PBXFileReference; lastKnownFileType = sourcecode.swift; path = CreateRecordPanel.swift; sourceTree = "<group>"; };
		A8E52C6B295BE62E00AC80B0 /* ActionPanelConfirmButton.swift */ = {isa = PBXFileReference; lastKnownFileType = sourcecode.swift; path = ActionPanelConfirmButton.swift; sourceTree = "<group>"; };
		A8E52C6D295BE91600AC80B0 /* DatePickerCustom.swift */ = {isa = PBXFileReference; lastKnownFileType = sourcecode.swift; path = DatePickerCustom.swift; sourceTree = "<group>"; };
		A8E52C73296477B400AC80B0 /* EditCardPanel.swift */ = {isa = PBXFileReference; lastKnownFileType = sourcecode.swift; path = EditCardPanel.swift; sourceTree = "<group>"; };
		A8E52C75296477C200AC80B0 /* EditRecordPanel.swift */ = {isa = PBXFileReference; lastKnownFileType = sourcecode.swift; path = EditRecordPanel.swift; sourceTree = "<group>"; };
		A8F43BFB2951600400C89EDE /* CreateCardPanel.swift */ = {isa = PBXFileReference; lastKnownFileType = sourcecode.swift; path = CreateCardPanel.swift; sourceTree = "<group>"; };
		A8F43BFE2951C52E00C89EDE /* Setting.swift */ = {isa = PBXFileReference; lastKnownFileType = sourcecode.swift; path = Setting.swift; sourceTree = "<group>"; };
		A8F43C00295208DB00C89EDE /* FocusField.swift */ = {isa = PBXFileReference; lastKnownFileType = sourcecode.swift; path = FocusField.swift; sourceTree = "<group>"; };
		A8FF946929222BFE00C628BD /* RecordRow.swift */ = {isa = PBXFileReference; lastKnownFileType = sourcecode.swift; path = RecordRow.swift; sourceTree = "<group>"; };
		A8FF946D2922B74F00C628BD /* Extension.swift */ = {isa = PBXFileReference; lastKnownFileType = sourcecode.swift; path = Extension.swift; sourceTree = "<group>"; };
		A8FF946F2922BCFB00C628BD /* Dashboard.swift */ = {isa = PBXFileReference; lastKnownFileType = sourcecode.swift; path = Dashboard.swift; sourceTree = "<group>"; };
		F62C884C2928C2960059F914 /* HomeHeader.swift */ = {isa = PBXFileReference; lastKnownFileType = sourcecode.swift; path = HomeHeader.swift; sourceTree = "<group>"; };
		F691B86B29AE043700E05E05 /* Sql.swift */ = {isa = PBXFileReference; lastKnownFileType = sourcecode.swift; path = Sql.swift; sourceTree = "<group>"; };
		F691B86F29AE233F00E05E05 /* Helper.swift */ = {isa = PBXFileReference; lastKnownFileType = sourcecode.swift; path = Helper.swift; sourceTree = "<group>"; };
		F6EA069F29AFEDC2005D08D7 /* DebugView.swift */ = {isa = PBXFileReference; lastKnownFileType = sourcecode.swift; path = DebugView.swift; sourceTree = "<group>"; };
		F6EA06A129B0AC83005D08D7 /* Info.plist */ = {isa = PBXFileReference; lastKnownFileType = text.plist; path = Info.plist; sourceTree = "<group>"; };
		F6EA06A229B200F5005D08D7 /* WelcomeView.swift */ = {isa = PBXFileReference; lastKnownFileType = sourcecode.swift; path = WelcomeView.swift; sourceTree = "<group>"; };
		F6EA06A829B2276E005D08D7 /* Table.swift */ = {isa = PBXFileReference; lastKnownFileType = sourcecode.swift; path = Table.swift; sourceTree = "<group>"; };
/* End PBXFileReference section */

/* Begin PBXFrameworksBuildPhase section */
		A8A75AE2291CCCBC00EF9D8A /* Frameworks */ = {
			isa = PBXFrameworksBuildPhase;
			buildActionMask = 2147483647;
			files = (
				F691B86A29AE02DF00E05E05 /* SQLite in Frameworks */,
				A8357FDD292952230086720F /* OrderedCollections in Frameworks */,
				A8A75AFB291CCDFA00EF9D8A /* UIComponent in Frameworks */,
			);
			runOnlyForDeploymentPostprocessing = 0;
		};
/* End PBXFrameworksBuildPhase section */

/* Begin PBXGroup section */
		A890D0F1293B017300D7267B /* Preview Content */ = {
			isa = PBXGroup;
			children = (
				A8B09021291CFF2B008D9B33 /* Mock.swift */,
				A8A75AEF291CCCBD00EF9D8A /* Preview Assets.xcassets */,
			);
			path = "Preview Content";
			sourceTree = "<group>";
		};
		A8A75ADC291CCCBC00EF9D8A = {
			isa = PBXGroup;
			children = (
				A8A75AE7291CCCBC00EF9D8A /* Einance */,
				A8A75AE6291CCCBC00EF9D8A /* Products */,
			);
			sourceTree = "<group>";
		};
		A8A75AE6291CCCBC00EF9D8A /* Products */ = {
			isa = PBXGroup;
			children = (
				A8A75AE5291CCCBC00EF9D8A /* Einance.app */,
			);
			name = Products;
			sourceTree = "<group>";
		};
		A8A75AE7291CCCBC00EF9D8A /* Einance */ = {
			isa = PBXGroup;
			children = (
				F6EA06A129B0AC83005D08D7 /* Info.plist */,
				A8A75AE8291CCCBC00EF9D8A /* EinanceApp.swift */,
				A8A75AF7291CCCD300EF9D8A /* UI */,
				A8A75AF8291CCCDB00EF9D8A /* Internal */,
				A8A75AF6291CCCC500EF9D8A /* Resource */,
				A890D0F1293B017300D7267B /* Preview Content */,
			);
			path = Einance;
			sourceTree = "<group>";
		};
		A8A75AF6291CCCC500EF9D8A /* Resource */ = {
			isa = PBXGroup;
			children = (
				A8A75AEC291CCCBD00EF9D8A /* Assets.xcassets */,
				A8B09030291D6BFF008D9B33 /* Localizable.strings */,
			);
			path = Resource;
			sourceTree = "<group>";
		};
		A8A75AF7291CCCD300EF9D8A /* UI */ = {
			isa = PBXGroup;
			children = (
				A848A6BB29BD9B7700E85A8E /* RouterView.swift */,
				A848A6BD29BD9DE900E85A8E /* ActionView.swift */,
				A8A75AEA291CCCBC00EF9D8A /* ContentView.swift */,
				A8357FD929293F010086720F /* HomeView.swift */,
				A87219EE2968131F00D52995 /* SettingView.swift */,
				F6EA069F29AFEDC2005D08D7 /* DebugView.swift */,
				A8BDCC2E29B7167B0021309B /* BookOrderView.swift */,
				F6EA06A229B200F5005D08D7 /* WelcomeView.swift */,
				A839C78929BAF3AA0036C096 /* StatisticView.swift */,
				A8E52C66295AF2F100AC80B0 /* Panel */,
				A8B09025291D69CC008D9B33 /* Component */,
			);
			path = UI;
			sourceTree = "<group>";
		};
		A8A75AF8291CCCDB00EF9D8A /* Internal */ = {
			isa = PBXGroup;
			children = (
				A8F43BFD2951C52100C89EDE /* Config */,
				A8A75B01291CCE3000EF9D8A /* Util */,
				A8A75AFC291CCE1200EF9D8A /* Model */,
				A8A75B00291CCE2900EF9D8A /* Sqlite */,
				A8A75AFF291CCE2600EF9D8A /* System */,
				A8A75AFE291CCE2000EF9D8A /* Interactor */,
				A8A75AFD291CCE1600EF9D8A /* Repository */,
			);
			path = Internal;
			sourceTree = "<group>";
		};
		A8A75AFC291CCE1200EF9D8A /* Model */ = {
			isa = PBXGroup;
			children = (
				A8A75B0C291CF07100EF9D8A /* Budget.swift */,
				A8A75B0E291CF24A00EF9D8A /* Card.swift */,
				A8A75B10291CF25000EF9D8A /* Record.swift */,
				A8F43C00295208DB00C89EDE /* FocusField.swift */,
				A87219F6296D67C200D52995 /* BudgetCategory.swift */,
			);
			path = Model;
			sourceTree = "<group>";
		};
		A8A75AFD291CCE1600EF9D8A /* Repository */ = {
			isa = PBXGroup;
			children = (
				A8A75B08291CD1D800EF9D8A /* Repository.swift */,
				A8A75B0A291CD1E700EF9D8A /* Dao.swift */,
				A8C0A100291D88B800AD5E97 /* DataDao.swift */,
				A87219F22968149C00D52995 /* UserSettingDao.swift */,
			);
			path = Repository;
			sourceTree = "<group>";
		};
		A8A75AFE291CCE2000EF9D8A /* Interactor */ = {
			isa = PBXGroup;
			children = (
				A890D0F42942E03100D7267B /* SystemInteractor.swift */,
				A8C0A102291D892700AD5E97 /* DataInteractor.swift */,
				A87219F02968144400D52995 /* UserSettingInteractor.swift */,
			);
			path = Interactor;
			sourceTree = "<group>";
		};
		A8A75AFF291CCE2600EF9D8A /* System */ = {
			isa = PBXGroup;
			children = (
				A8A75B02291CCE4300EF9D8A /* DependencyInjector.swift */,
				A8A75B04291CCE7E00EF9D8A /* AppState.swift */,
			);
			path = System;
			sourceTree = "<group>";
		};
		A8A75B00291CCE2900EF9D8A /* Sqlite */ = {
			isa = PBXGroup;
			children = (
				F691B86B29AE043700E05E05 /* Sql.swift */,
				F691B86F29AE233F00E05E05 /* Helper.swift */,
				F6EA06A829B2276E005D08D7 /* Table.swift */,
			);
			path = Sqlite;
			sourceTree = "<group>";
		};
		A8A75B01291CCE3000EF9D8A /* Util */ = {
			isa = PBXGroup;
			children = (
				A8FF946D2922B74F00C628BD /* Extension.swift */,
			);
			path = Util;
			sourceTree = "<group>";
		};
		A8B09025291D69CC008D9B33 /* Component */ = {
			isa = PBXGroup;
			children = (
				A8FF946929222BFE00C628BD /* RecordRow.swift */,
				A87219EC2967F60700D52995 /* AddRecordButton.swift */,
				A8E52C67295B063F00AC80B0 /* ActionPanelCloseButton.swift */,
				A8E52C6B295BE62E00AC80B0 /* ActionPanelConfirmButton.swift */,
				A8E52C6D295BE91600AC80B0 /* DatePickerCustom.swift */,
				A8BDCC2C29B6431D0021309B /* LoadingSymbol.swift */,
			);
			path = Component;
			sourceTree = "<group>";
		};
		A8E52C66295AF2F100AC80B0 /* Panel */ = {
			isa = PBXGroup;
			children = (
				A8B09032291D73F3008D9B33 /* BudgetPage.swift */,
				A8FF946F2922BCFB00C628BD /* Dashboard.swift */,
				A8B09028291D6A01008D9B33 /* CardRect.swift */,
				F62C884C2928C2960059F914 /* HomeHeader.swift */,
				A8F43BFB2951600400C89EDE /* CreateCardPanel.swift */,
				A8E52C73296477B400AC80B0 /* EditCardPanel.swift */,
				A8E52C69295B342E00AC80B0 /* CreateRecordPanel.swift */,
				A8E52C75296477C200AC80B0 /* EditRecordPanel.swift */,
				A87219F4296830E600D52995 /* ViewHeader.swift */,
			);
			path = Panel;
			sourceTree = "<group>";
		};
		A8F43BFD2951C52100C89EDE /* Config */ = {
			isa = PBXGroup;
			children = (
				A8F43BFE2951C52E00C89EDE /* Setting.swift */,
			);
			path = Config;
			sourceTree = "<group>";
		};
/* End PBXGroup section */

/* Begin PBXNativeTarget section */
		A8A75AE4291CCCBC00EF9D8A /* Einance */ = {
			isa = PBXNativeTarget;
			buildConfigurationList = A8A75AF3291CCCBD00EF9D8A /* Build configuration list for PBXNativeTarget "Einance" */;
			buildPhases = (
				A8A75AE1291CCCBC00EF9D8A /* Sources */,
				A8A75AE2291CCCBC00EF9D8A /* Frameworks */,
				A8A75AE3291CCCBC00EF9D8A /* Resources */,
			);
			buildRules = (
			);
			dependencies = (
			);
			name = Einance;
			packageProductDependencies = (
				A8A75AFA291CCDFA00EF9D8A /* UIComponent */,
				A8357FDC292952230086720F /* OrderedCollections */,
				F691B86929AE02DF00E05E05 /* SQLite */,
			);
			productName = Einance;
			productReference = A8A75AE5291CCCBC00EF9D8A /* Einance.app */;
			productType = "com.apple.product-type.application";
		};
/* End PBXNativeTarget section */

/* Begin PBXProject section */
		A8A75ADD291CCCBC00EF9D8A /* Project object */ = {
			isa = PBXProject;
			attributes = {
				BuildIndependentTargetsInParallel = 1;
				LastSwiftUpdateCheck = 1400;
				LastUpgradeCheck = 1400;
				TargetAttributes = {
					A8A75AE4291CCCBC00EF9D8A = {
						CreatedOnToolsVersion = 14.0.1;
					};
				};
			};
			buildConfigurationList = A8A75AE0291CCCBC00EF9D8A /* Build configuration list for PBXProject "Einance" */;
			compatibilityVersion = "Xcode 14.0";
			developmentRegion = en;
			hasScannedForEncodings = 0;
			knownRegions = (
				en,
				"zh-Hant",
			);
			mainGroup = A8A75ADC291CCCBC00EF9D8A;
			packageReferences = (
				A8A75AF9291CCDFA00EF9D8A /* XCRemoteSwiftPackageReference "UIComponent" */,
				A8357FDB292952230086720F /* XCRemoteSwiftPackageReference "swift-collections" */,
				F691B86829AE02DF00E05E05 /* XCRemoteSwiftPackageReference "SQLite.swift" */,
			);
			productRefGroup = A8A75AE6291CCCBC00EF9D8A /* Products */;
			projectDirPath = "";
			projectRoot = "";
			targets = (
				A8A75AE4291CCCBC00EF9D8A /* Einance */,
			);
		};
/* End PBXProject section */

/* Begin PBXResourcesBuildPhase section */
		A8A75AE3291CCCBC00EF9D8A /* Resources */ = {
			isa = PBXResourcesBuildPhase;
			buildActionMask = 2147483647;
			files = (
				A8A75AF0291CCCBD00EF9D8A /* Preview Assets.xcassets in Resources */,
				A8B0902E291D6BFF008D9B33 /* Localizable.strings in Resources */,
				A8A75AED291CCCBD00EF9D8A /* Assets.xcassets in Resources */,
			);
			runOnlyForDeploymentPostprocessing = 0;
		};
/* End PBXResourcesBuildPhase section */

/* Begin PBXSourcesBuildPhase section */
		A8A75AE1291CCCBC00EF9D8A /* Sources */ = {
			isa = PBXSourcesBuildPhase;
			buildActionMask = 2147483647;
			files = (
				F691B87029AE233F00E05E05 /* Helper.swift in Sources */,
				A8C0A103291D892700AD5E97 /* DataInteractor.swift in Sources */,
				A8FF946A29222BFE00C628BD /* RecordRow.swift in Sources */,
				A8A75AEB291CCCBC00EF9D8A /* ContentView.swift in Sources */,
				A8BDCC2D29B6431D0021309B /* LoadingSymbol.swift in Sources */,
				A8B09022291CFF2B008D9B33 /* Mock.swift in Sources */,
				A87219F32968149C00D52995 /* UserSettingDao.swift in Sources */,
				F6EA06A929B2276E005D08D7 /* Table.swift in Sources */,
				A8E52C76296477C200AC80B0 /* EditRecordPanel.swift in Sources */,
				F6EA06A329B200F5005D08D7 /* WelcomeView.swift in Sources */,
				A8E52C6C295BE62E00AC80B0 /* ActionPanelConfirmButton.swift in Sources */,
				A87219F5296830E600D52995 /* ViewHeader.swift in Sources */,
				A87219F12968144400D52995 /* UserSettingInteractor.swift in Sources */,
				A8F43BFC2951600400C89EDE /* CreateCardPanel.swift in Sources */,
				A8C0A101291D88B800AD5E97 /* DataDao.swift in Sources */,
				A8A75B03291CCE4300EF9D8A /* DependencyInjector.swift in Sources */,
				A8B09033291D73F3008D9B33 /* BudgetPage.swift in Sources */,
				A8A75B11291CF25000EF9D8A /* Record.swift in Sources */,
				F62C884D2928C2960059F914 /* HomeHeader.swift in Sources */,
				F6EA06A029AFEDC2005D08D7 /* DebugView.swift in Sources */,
				A8BDCC2F29B7167B0021309B /* BookOrderView.swift in Sources */,
				A8FF94702922BCFB00C628BD /* Dashboard.swift in Sources */,
				F691B86C29AE043700E05E05 /* Sql.swift in Sources */,
				A8FF946E2922B74F00C628BD /* Extension.swift in Sources */,
				A8A75B0B291CD1E700EF9D8A /* Dao.swift in Sources */,
				A8F43BFF2951C52E00C89EDE /* Setting.swift in Sources */,
				A8E52C68295B063F00AC80B0 /* ActionPanelCloseButton.swift in Sources */,
				A8E52C74296477B400AC80B0 /* EditCardPanel.swift in Sources */,
				A8E52C6E295BE91600AC80B0 /* DatePickerCustom.swift in Sources */,
				A87219ED2967F60700D52995 /* AddRecordButton.swift in Sources */,
				A848A6BE29BD9DE900E85A8E /* ActionView.swift in Sources */,
				A87219EF2968131F00D52995 /* SettingView.swift in Sources */,
				A87219F7296D67C200D52995 /* BudgetCategory.swift in Sources */,
				A8A75B09291CD1D800EF9D8A /* Repository.swift in Sources */,
				A8A75AE9291CCCBC00EF9D8A /* EinanceApp.swift in Sources */,
				A8357FDA29293F010086720F /* HomeView.swift in Sources */,
				A8A75B0D291CF07100EF9D8A /* Budget.swift in Sources */,
				A8F43C01295208DC00C89EDE /* FocusField.swift in Sources */,
				A8A75B05291CCE7E00EF9D8A /* AppState.swift in Sources */,
				A8B09029291D6A01008D9B33 /* CardRect.swift in Sources */,
				A848A6BC29BD9B7700E85A8E /* RouterView.swift in Sources */,
				A839C78A29BAF3AA0036C096 /* StatisticView.swift in Sources */,
				A8E52C6A295B342E00AC80B0 /* CreateRecordPanel.swift in Sources */,
				A8A75B0F291CF24A00EF9D8A /* Card.swift in Sources */,
				A890D0F52942E03100D7267B /* SystemInteractor.swift in Sources */,
			);
			runOnlyForDeploymentPostprocessing = 0;
		};
/* End PBXSourcesBuildPhase section */

/* Begin PBXVariantGroup section */
		A8B09030291D6BFF008D9B33 /* Localizable.strings */ = {
			isa = PBXVariantGroup;
			children = (
				A8B0902F291D6BFF008D9B33 /* en */,
				A8B09031291D6C19008D9B33 /* zh-Hant */,
			);
			name = Localizable.strings;
			sourceTree = "<group>";
		};
/* End PBXVariantGroup section */

/* Begin XCBuildConfiguration section */
		A8A75AF1291CCCBD00EF9D8A /* Debug */ = {
			isa = XCBuildConfiguration;
			buildSettings = {
				ALWAYS_SEARCH_USER_PATHS = NO;
				CLANG_ANALYZER_LOCALIZABILITY_NONLOCALIZED = YES;
				CLANG_ANALYZER_NONNULL = YES;
				CLANG_ANALYZER_NUMBER_OBJECT_CONVERSION = YES_AGGRESSIVE;
				CLANG_CXX_LANGUAGE_STANDARD = "gnu++20";
				CLANG_ENABLE_MODULES = YES;
				CLANG_ENABLE_OBJC_ARC = YES;
				CLANG_ENABLE_OBJC_WEAK = YES;
				CLANG_WARN_BLOCK_CAPTURE_AUTORELEASING = YES;
				CLANG_WARN_BOOL_CONVERSION = YES;
				CLANG_WARN_COMMA = YES;
				CLANG_WARN_CONSTANT_CONVERSION = YES;
				CLANG_WARN_DEPRECATED_OBJC_IMPLEMENTATIONS = YES;
				CLANG_WARN_DIRECT_OBJC_ISA_USAGE = YES_ERROR;
				CLANG_WARN_DOCUMENTATION_COMMENTS = YES;
				CLANG_WARN_EMPTY_BODY = YES;
				CLANG_WARN_ENUM_CONVERSION = YES;
				CLANG_WARN_INFINITE_RECURSION = YES;
				CLANG_WARN_INT_CONVERSION = YES;
				CLANG_WARN_NON_LITERAL_NULL_CONVERSION = YES;
				CLANG_WARN_OBJC_IMPLICIT_RETAIN_SELF = YES;
				CLANG_WARN_OBJC_LITERAL_CONVERSION = YES;
				CLANG_WARN_OBJC_ROOT_CLASS = YES_ERROR;
				CLANG_WARN_QUOTED_INCLUDE_IN_FRAMEWORK_HEADER = YES;
				CLANG_WARN_RANGE_LOOP_ANALYSIS = YES;
				CLANG_WARN_STRICT_PROTOTYPES = YES;
				CLANG_WARN_SUSPICIOUS_MOVE = YES;
				CLANG_WARN_UNGUARDED_AVAILABILITY = YES_AGGRESSIVE;
				CLANG_WARN_UNREACHABLE_CODE = YES;
				CLANG_WARN__DUPLICATE_METHOD_MATCH = YES;
				COPY_PHASE_STRIP = NO;
				DEBUG_INFORMATION_FORMAT = dwarf;
				ENABLE_STRICT_OBJC_MSGSEND = YES;
				ENABLE_TESTABILITY = YES;
				ENABLE_USER_SCRIPT_SANDBOXING = NO;
				GCC_C_LANGUAGE_STANDARD = gnu11;
				GCC_DYNAMIC_NO_PIC = NO;
				GCC_NO_COMMON_BLOCKS = YES;
				GCC_OPTIMIZATION_LEVEL = 0;
				GCC_PREPROCESSOR_DEFINITIONS = (
					"DEBUG=1",
					"$(inherited)",
				);
				GCC_WARN_64_TO_32_BIT_CONVERSION = YES;
				GCC_WARN_ABOUT_RETURN_TYPE = YES_ERROR;
				GCC_WARN_UNDECLARED_SELECTOR = YES;
				GCC_WARN_UNINITIALIZED_AUTOS = YES_AGGRESSIVE;
				GCC_WARN_UNUSED_FUNCTION = YES;
				GCC_WARN_UNUSED_VARIABLE = YES;
				IPHONEOS_DEPLOYMENT_TARGET = 16.0;
				MTL_ENABLE_DEBUG_INFO = INCLUDE_SOURCE;
				MTL_FAST_MATH = YES;
				ONLY_ACTIVE_ARCH = YES;
				SDKROOT = iphoneos;
				SWIFT_ACTIVE_COMPILATION_CONDITIONS = DEBUG;
				SWIFT_OPTIMIZATION_LEVEL = "-Onone";
			};
			name = Debug;
		};
		A8A75AF2291CCCBD00EF9D8A /* Release */ = {
			isa = XCBuildConfiguration;
			buildSettings = {
				ALWAYS_SEARCH_USER_PATHS = NO;
				CLANG_ANALYZER_LOCALIZABILITY_NONLOCALIZED = YES;
				CLANG_ANALYZER_NONNULL = YES;
				CLANG_ANALYZER_NUMBER_OBJECT_CONVERSION = YES_AGGRESSIVE;
				CLANG_CXX_LANGUAGE_STANDARD = "gnu++20";
				CLANG_ENABLE_MODULES = YES;
				CLANG_ENABLE_OBJC_ARC = YES;
				CLANG_ENABLE_OBJC_WEAK = YES;
				CLANG_WARN_BLOCK_CAPTURE_AUTORELEASING = YES;
				CLANG_WARN_BOOL_CONVERSION = YES;
				CLANG_WARN_COMMA = YES;
				CLANG_WARN_CONSTANT_CONVERSION = YES;
				CLANG_WARN_DEPRECATED_OBJC_IMPLEMENTATIONS = YES;
				CLANG_WARN_DIRECT_OBJC_ISA_USAGE = YES_ERROR;
				CLANG_WARN_DOCUMENTATION_COMMENTS = YES;
				CLANG_WARN_EMPTY_BODY = YES;
				CLANG_WARN_ENUM_CONVERSION = YES;
				CLANG_WARN_INFINITE_RECURSION = YES;
				CLANG_WARN_INT_CONVERSION = YES;
				CLANG_WARN_NON_LITERAL_NULL_CONVERSION = YES;
				CLANG_WARN_OBJC_IMPLICIT_RETAIN_SELF = YES;
				CLANG_WARN_OBJC_LITERAL_CONVERSION = YES;
				CLANG_WARN_OBJC_ROOT_CLASS = YES_ERROR;
				CLANG_WARN_QUOTED_INCLUDE_IN_FRAMEWORK_HEADER = YES;
				CLANG_WARN_RANGE_LOOP_ANALYSIS = YES;
				CLANG_WARN_STRICT_PROTOTYPES = YES;
				CLANG_WARN_SUSPICIOUS_MOVE = YES;
				CLANG_WARN_UNGUARDED_AVAILABILITY = YES_AGGRESSIVE;
				CLANG_WARN_UNREACHABLE_CODE = YES;
				CLANG_WARN__DUPLICATE_METHOD_MATCH = YES;
				COPY_PHASE_STRIP = NO;
				DEBUG_INFORMATION_FORMAT = "dwarf-with-dsym";
				ENABLE_NS_ASSERTIONS = NO;
				ENABLE_STRICT_OBJC_MSGSEND = YES;
				ENABLE_USER_SCRIPT_SANDBOXING = NO;
				GCC_C_LANGUAGE_STANDARD = gnu11;
				GCC_NO_COMMON_BLOCKS = YES;
				GCC_WARN_64_TO_32_BIT_CONVERSION = YES;
				GCC_WARN_ABOUT_RETURN_TYPE = YES_ERROR;
				GCC_WARN_UNDECLARED_SELECTOR = YES;
				GCC_WARN_UNINITIALIZED_AUTOS = YES_AGGRESSIVE;
				GCC_WARN_UNUSED_FUNCTION = YES;
				GCC_WARN_UNUSED_VARIABLE = YES;
				IPHONEOS_DEPLOYMENT_TARGET = 16.0;
				MTL_ENABLE_DEBUG_INFO = NO;
				MTL_FAST_MATH = YES;
				SDKROOT = iphoneos;
				SWIFT_COMPILATION_MODE = wholemodule;
				SWIFT_OPTIMIZATION_LEVEL = "-O";
				VALIDATE_PRODUCT = YES;
			};
			name = Release;
		};
		A8A75AF4291CCCBD00EF9D8A /* Debug */ = {
			isa = XCBuildConfiguration;
			buildSettings = {
				ASSETCATALOG_COMPILER_APPICON_NAME = AppIcon;
				ASSETCATALOG_COMPILER_GLOBAL_ACCENT_COLOR_NAME = AccentColor;
				CODE_SIGN_INJECT_BASE_ENTITLEMENTS = NO;
				CODE_SIGN_STYLE = Automatic;
				CURRENT_PROJECT_VERSION = 0E0AA;
				DEVELOPMENT_ASSET_PATHS = "\"Einance/Resource\"";
				DEVELOPMENT_TEAM = Y366CJ66L6;
				ENABLE_APP_SANDBOX = NO;
				ENABLE_PREVIEWS = YES;
				ENABLE_USER_SELECTED_FILES = "";
				GENERATE_INFOPLIST_FILE = YES;
				INFOPLIST_FILE = Einance/Info.plist;
				INFOPLIST_KEY_CFBundleDisplayName = Einance;
				INFOPLIST_KEY_LSApplicationCategoryType = "public.app-category.finance";
				INFOPLIST_KEY_UIApplicationSceneManifest_Generation = YES;
				INFOPLIST_KEY_UIApplicationSupportsIndirectInputEvents = YES;
				INFOPLIST_KEY_UILaunchScreen_Generation = YES;
				INFOPLIST_KEY_UISupportedInterfaceOrientations = UIInterfaceOrientationPortrait;
				LD_RUNPATH_SEARCH_PATHS = (
					"$(inherited)",
					"@executable_path/Frameworks",
				);
				MARKETING_VERSION = 0.0.1;
				PRODUCT_BUNDLE_IDENTIFIER = com.yanunyang.Einance;
				PRODUCT_NAME = "$(TARGET_NAME)";
				SUPPORTED_PLATFORMS = "iphoneos iphonesimulator";
				SUPPORTS_MACCATALYST = NO;
				SUPPORTS_MAC_DESIGNED_FOR_IPHONE_IPAD = NO;
				SWIFT_EMIT_LOC_STRINGS = YES;
				SWIFT_VERSION = 5.0;
				TARGETED_DEVICE_FAMILY = 1;
			};
			name = Debug;
		};
		A8A75AF5291CCCBD00EF9D8A /* Release */ = {
			isa = XCBuildConfiguration;
			buildSettings = {
				ASSETCATALOG_COMPILER_APPICON_NAME = AppIcon;
				ASSETCATALOG_COMPILER_GLOBAL_ACCENT_COLOR_NAME = AccentColor;
				CODE_SIGN_INJECT_BASE_ENTITLEMENTS = NO;
				CODE_SIGN_STYLE = Automatic;
				CURRENT_PROJECT_VERSION = 0E0AA;
				DEVELOPMENT_ASSET_PATHS = "\"Einance/Resource\"";
				DEVELOPMENT_TEAM = Y366CJ66L6;
				ENABLE_APP_SANDBOX = NO;
				ENABLE_PREVIEWS = YES;
				ENABLE_USER_SELECTED_FILES = "";
				GENERATE_INFOPLIST_FILE = YES;
				INFOPLIST_FILE = Einance/Info.plist;
				INFOPLIST_KEY_CFBundleDisplayName = Einance;
				INFOPLIST_KEY_LSApplicationCategoryType = "public.app-category.finance";
				INFOPLIST_KEY_UIApplicationSceneManifest_Generation = YES;
				INFOPLIST_KEY_UIApplicationSupportsIndirectInputEvents = YES;
				INFOPLIST_KEY_UILaunchScreen_Generation = YES;
				INFOPLIST_KEY_UISupportedInterfaceOrientations = UIInterfaceOrientationPortrait;
				LD_RUNPATH_SEARCH_PATHS = (
					"$(inherited)",
					"@executable_path/Frameworks",
				);
				MARKETING_VERSION = 0.0.1;
				PRODUCT_BUNDLE_IDENTIFIER = com.yanunyang.Einance;
				PRODUCT_NAME = "$(TARGET_NAME)";
				SUPPORTED_PLATFORMS = "iphoneos iphonesimulator";
				SUPPORTS_MACCATALYST = NO;
				SUPPORTS_MAC_DESIGNED_FOR_IPHONE_IPAD = NO;
				SWIFT_EMIT_LOC_STRINGS = YES;
				SWIFT_VERSION = 5.0;
				TARGETED_DEVICE_FAMILY = 1;
			};
			name = Release;
		};
/* End XCBuildConfiguration section */

/* Begin XCConfigurationList section */
		A8A75AE0291CCCBC00EF9D8A /* Build configuration list for PBXProject "Einance" */ = {
			isa = XCConfigurationList;
			buildConfigurations = (
				A8A75AF1291CCCBD00EF9D8A /* Debug */,
				A8A75AF2291CCCBD00EF9D8A /* Release */,
			);
			defaultConfigurationIsVisible = 0;
			defaultConfigurationName = Release;
		};
		A8A75AF3291CCCBD00EF9D8A /* Build configuration list for PBXNativeTarget "Einance" */ = {
			isa = XCConfigurationList;
			buildConfigurations = (
				A8A75AF4291CCCBD00EF9D8A /* Debug */,
				A8A75AF5291CCCBD00EF9D8A /* Release */,
			);
			defaultConfigurationIsVisible = 0;
			defaultConfigurationName = Release;
		};
/* End XCConfigurationList section */

/* Begin XCRemoteSwiftPackageReference section */
		A8357FDB292952230086720F /* XCRemoteSwiftPackageReference "swift-collections" */ = {
			isa = XCRemoteSwiftPackageReference;
			repositoryURL = "https://github.com/apple/swift-collections.git";
			requirement = {
				kind = upToNextMajorVersion;
				minimumVersion = 1.0.0;
			};
		};
		A8A75AF9291CCDFA00EF9D8A /* XCRemoteSwiftPackageReference "UIComponent" */ = {
			isa = XCRemoteSwiftPackageReference;
			repositoryURL = "https://github.com/yanun0323/UIComponent.git";
			requirement = {
				branch = master;
				kind = branch;
			};
		};
		F691B86829AE02DF00E05E05 /* XCRemoteSwiftPackageReference "SQLite.swift" */ = {
			isa = XCRemoteSwiftPackageReference;
			repositoryURL = "https://github.com/stephencelis/SQLite.swift.git";
			requirement = {
				kind = exactVersion;
				version = 0.14.1;
			};
		};
/* End XCRemoteSwiftPackageReference section */

/* Begin XCSwiftPackageProductDependency section */
		A8357FDC292952230086720F /* OrderedCollections */ = {
			isa = XCSwiftPackageProductDependency;
			package = A8357FDB292952230086720F /* XCRemoteSwiftPackageReference "swift-collections" */;
			productName = OrderedCollections;
		};
		A8A75AFA291CCDFA00EF9D8A /* UIComponent */ = {
			isa = XCSwiftPackageProductDependency;
			package = A8A75AF9291CCDFA00EF9D8A /* XCRemoteSwiftPackageReference "UIComponent" */;
			productName = UIComponent;
		};
		F691B86929AE02DF00E05E05 /* SQLite */ = {
			isa = XCSwiftPackageProductDependency;
			package = F691B86829AE02DF00E05E05 /* XCRemoteSwiftPackageReference "SQLite.swift" */;
			productName = SQLite;
		};
/* End XCSwiftPackageProductDependency section */
	};
	rootObject = A8A75ADD291CCCBC00EF9D8A /* Project object */;
}
